
Microsoft Visual Studio Solution File, Format Version 12.00
# Visual Studio Version 17
VisualStudioVersion = 17.14.36408.4
MinimumVisualStudioVersion = 10.0.40219.1
Project("{FAE04EC0-301F-11D3-BF4B-00C04F79EFBC}") = "TradeAgent.API", "TradeAgent.API\TradeAgent.API.csproj", "{98E39FDD-6C4B-4652-A935-5EAEF9259074}"
EndProject
Project("{FAE04EC0-301F-11D3-BF4B-00C04F79EFBC}") = "TradeAgent.Application", "TradeAgent.Application\TradeAgent.Application.csproj", "{622872BE-0833-47CF-8A66-7FE5AEB4E014}"
EndProject
Project("{FAE04EC0-301F-11D3-BF4B-00C04F79EFBC}") = "TradeAgent.Domain", "TradeAgent.Domain\TradeAgent.Domain.csproj", "{0AE126B6-BC87-48BA-A26F-D36FD070A116}"
EndProject
Project("{FAE04EC0-301F-11D3-BF4B-00C04F79EFBC}") = "TradeAgent.Infrastructure", "TradeAgent.Infrastructure\TradeAgent.Infrastructure.csproj", "{0DEB635A-30D2-4B3D-9158-2BFFD0110521}"
EndProject
Project("{2150E333-8FDC-42A3-9474-1A3956D46DE8}") = "Tests", "Tests", "{02EA681E-C7D8-13C7-8484-4AC65E1B71E8}"
EndProject
Project("{2150E333-8FDC-42A3-9474-1A3956D46DE8}") = "Solution Items", "Solution Items", "{9FA4CD2A-8E71-455A-B020-ABF8A49E4D84}"
	ProjectSection(SolutionItems) = preProject
		docs\architecture.png = docs\architecture.png
		docs\Deployment.png = docs\Deployment.png
		README.md = README.md
		docs\messaging-flow.png = docs\messaging-flow.png
		docker-compose.yaml = docker-compose.yaml
	EndProjectSection
EndProject
Project("{FAE04EC0-301F-11D3-BF4B-00C04F79EFBC}") = "TradeAgent.Consumer", "TradeAgent.Consumer\TradeAgent.Consumer.csproj", "{756CFAB7-3671-4A22-BD5E-68A7DC767F70}"
EndProject
Project("{FAE04EC0-301F-11D3-BF4B-00C04F79EFBC}") = "TradeAgent.Logging", "TradeAgent.Logging\TradeAgent.Logging.csproj", "{0EE66F18-A9B3-4490-85C1-EEF4EE023EA7}"
EndProject
Project("{FAE04EC0-301F-11D3-BF4B-00C04F79EFBC}") = "TradeAgent.Unit.Tests", "TradeAgent.Tests\TradeAgent.Unit.Tests.csproj", "{93D22D25-D53F-443F-A41E-6949112C2FE2}"
EndProject
Project("{FAE04EC0-301F-11D3-BF4B-00C04F79EFBC}") = "Tradeagent.Integration.Tests", "Tradeagent.Integrations.Tests\Tradeagent.Integration.Tests.csproj", "{595664E4-094C-4614-8602-25ED4709D590}"
EndProject
Project("{2150E333-8FDC-42A3-9474-1A3956D46DE8}") = ".github", ".github", "{0800D09F-1BC6-4ABB-B447-062EEB0E7155}"
EndProject
Project("{2150E333-8FDC-42A3-9474-1A3956D46DE8}") = "workflows", "workflows", "{2EC23F63-5CB6-43C2-A126-FD94246629E1}"
	ProjectSection(SolutionItems) = preProject
		.github\workflows\ci.yaml = .github\workflows\ci.yaml
	EndProjectSection
EndProject
Global
	GlobalSection(SolutionConfigurationPlatforms) = preSolution
		Debug|Any CPU = Debug|Any CPU
		Release|Any CPU = Release|Any CPU
	EndGlobalSection
	GlobalSection(ProjectConfigurationPlatforms) = postSolution
		{98E39FDD-6C4B-4652-A935-5EAEF9259074}.Debug|Any CPU.ActiveCfg = Debug|Any CPU
		{98E39FDD-6C4B-4652-A935-5EAEF9259074}.Debug|Any CPU.Build.0 = Debug|Any CPU
		{98E39FDD-6C4B-4652-A935-5EAEF9259074}.Release|Any CPU.ActiveCfg = Release|Any CPU
		{98E39FDD-6C4B-4652-A935-5EAEF9259074}.Release|Any CPU.Build.0 = Release|Any CPU
		{622872BE-0833-47CF-8A66-7FE5AEB4E014}.Debug|Any CPU.ActiveCfg = Debug|Any CPU
		{622872BE-0833-47CF-8A66-7FE5AEB4E014}.Debug|Any CPU.Build.0 = Debug|Any CPU
		{622872BE-0833-47CF-8A66-7FE5AEB4E014}.Release|Any CPU.ActiveCfg = Release|Any CPU
		{622872BE-0833-47CF-8A66-7FE5AEB4E014}.Release|Any CPU.Build.0 = Release|Any CPU
		{0AE126B6-BC87-48BA-A26F-D36FD070A116}.Debug|Any CPU.ActiveCfg = Debug|Any CPU
		{0AE126B6-BC87-48BA-A26F-D36FD070A116}.Debug|Any CPU.Build.0 = Debug|Any CPU
		{0AE126B6-BC87-48BA-A26F-D36FD070A116}.Release|Any CPU.ActiveCfg = Release|Any CPU
		{0AE126B6-BC87-48BA-A26F-D36FD070A116}.Release|Any CPU.Build.0 = Release|Any CPU
		{0DEB635A-30D2-4B3D-9158-2BFFD0110521}.Debug|Any CPU.ActiveCfg = Debug|Any CPU
		{0DEB635A-30D2-4B3D-9158-2BFFD0110521}.Debug|Any CPU.Build.0 = Debug|Any CPU
		{0DEB635A-30D2-4B3D-9158-2BFFD0110521}.Release|Any CPU.ActiveCfg = Release|Any CPU
		{0DEB635A-30D2-4B3D-9158-2BFFD0110521}.Release|Any CPU.Build.0 = Release|Any CPU
		{756CFAB7-3671-4A22-BD5E-68A7DC767F70}.Debug|Any CPU.ActiveCfg = Debug|Any CPU
		{756CFAB7-3671-4A22-BD5E-68A7DC767F70}.Debug|Any CPU.Build.0 = Debug|Any CPU
		{756CFAB7-3671-4A22-BD5E-68A7DC767F70}.Release|Any CPU.ActiveCfg = Release|Any CPU
		{756CFAB7-3671-4A22-BD5E-68A7DC767F70}.Release|Any CPU.Build.0 = Release|Any CPU
		{0EE66F18-A9B3-4490-85C1-EEF4EE023EA7}.Debug|Any CPU.ActiveCfg = Debug|Any CPU
		{0EE66F18-A9B3-4490-85C1-EEF4EE023EA7}.Debug|Any CPU.Build.0 = Debug|Any CPU
		{0EE66F18-A9B3-4490-85C1-EEF4EE023EA7}.Release|Any CPU.ActiveCfg = Release|Any CPU
		{0EE66F18-A9B3-4490-85C1-EEF4EE023EA7}.Release|Any CPU.Build.0 = Release|Any CPU
		{93D22D25-D53F-443F-A41E-6949112C2FE2}.Debug|Any CPU.ActiveCfg = Debug|Any CPU
		{93D22D25-D53F-443F-A41E-6949112C2FE2}.Debug|Any CPU.Build.0 = Debug|Any CPU
		{93D22D25-D53F-443F-A41E-6949112C2FE2}.Release|Any CPU.ActiveCfg = Release|Any CPU
		{93D22D25-D53F-443F-A41E-6949112C2FE2}.Release|Any CPU.Build.0 = Release|Any CPU
		{595664E4-094C-4614-8602-25ED4709D590}.Debug|Any CPU.ActiveCfg = Debug|Any CPU
		{595664E4-094C-4614-8602-25ED4709D590}.Debug|Any CPU.Build.0 = Debug|Any CPU
		{595664E4-094C-4614-8602-25ED4709D590}.Release|Any CPU.ActiveCfg = Release|Any CPU
		{595664E4-094C-4614-8602-25ED4709D590}.Release|Any CPU.Build.0 = Release|Any CPU
	EndGlobalSection
	GlobalSection(SolutionProperties) = preSolution
		HideSolutionNode = FALSE
	EndGlobalSection
	GlobalSection(NestedProjects) = preSolution
		{93D22D25-D53F-443F-A41E-6949112C2FE2} = {02EA681E-C7D8-13C7-8484-4AC65E1B71E8}
		{595664E4-094C-4614-8602-25ED4709D590} = {02EA681E-C7D8-13C7-8484-4AC65E1B71E8}
		{2EC23F63-5CB6-43C2-A126-FD94246629E1} = {0800D09F-1BC6-4ABB-B447-062EEB0E7155}
	EndGlobalSection
	GlobalSection(ExtensibilityGlobals) = postSolution
		SolutionGuid = {DD6B9323-0716-4706-A03C-90D2546DF0FC}
	EndGlobalSection
EndGlobal
